PODS:
  - Alamofire (5.6.1)
  - Desk360 (1.8.5):
    - DeviceKit
    - Moya (~> 14.0)
    - NVActivityIndicatorView (= 4.8.0)
    - PersistenceKit
    - SnapKit
  - DeviceKit (4.6.0)
  - Moya (14.0.0):
    - Moya/Core (= 14.0.0)
  - Moya/Core (14.0.0):
    - Alamofire (~> 5.0)
  - NVActivityIndicatorView (4.8.0):
    - NVActivityIndicatorView/Presenter (= 4.8.0)
  - NVActivityIndicatorView/Presenter (4.8.0)
  - PersistenceKit (1.4)
  - SnapKit (5.6.0)

DEPENDENCIES:
  - Desk360

SPEC REPOS:
  https://github.com/CocoaPods/Specs.git:
    - Alamofire
    - Desk360
    - DeviceKit
    - Moya
    - NVActivityIndicatorView
    - PersistenceKit
    - SnapKit

SPEC CHECKSUMS:
  Alamofire: 87bd8c952f9a4454320fce00d9cc3de57bcadaf5
  Desk360: 1bde89585dc54454935d12b38c322c5d43bff58e
  DeviceKit: 834dd8aa1be53cd85364d8f49aa5d98bfac397c4
  Moya: 5b45dacb75adb009f97fde91c204c1e565d31916
  NVActivityIndicatorView: d24b7ebcf80af5dcd994adb650e2b6c93379270f
  PersistenceKit: 3a9a8e760a686576eed37dbba5da7a11ac2f0603
  SnapKit: e01d52ebb8ddbc333eefe2132acf85c8227d9c25

PODFILE CHECKSUM: 399facf429667c8ca8902e2e130ab02f39e9387a

COCOAPODS: 1.11.3
