PODS:
  - Alamofire (5.8.1)
  - Desk360 (1.8.10):
    - DeviceKit
    - Moya (~> 14.0)
    - NVActivityIndicatorView
    - PersistenceKit
    - SnapKit
  - DeviceKit (4.9.0)
  - Moya (14.0.0):
    - Moya/Core (= 14.0.0)
  - Moya/Core (14.0.0):
    - Alamofire (~> 5.0)
  - NVActivityIndicatorView (5.1.1):
    - NVActivityIndicatorView/Base (= 5.1.1)
  - NVActivityIndicatorView/Base (5.1.1)
  - PersistenceKit (1.4)
  - SnapKit (5.6.0)

DEPENDENCIES:
  - Desk360 (from `..`)

SPEC REPOS:
  https://github.com/CocoaPods/Specs.git:
    - Alamofire
    - DeviceKit
    - Moya
    - NVActivityIndicatorView
    - PersistenceKit
    - SnapKit

EXTERNAL SOURCES:
  Desk360:
    :path: ".."

SPEC CHECKSUMS:
  Alamofire: 3ca42e259043ee0dc5c0cdd76c4bc568b8e42af7
  Desk360: 5ccecb977f74cf218dfd66e9328fda1c6d6e41aa
  DeviceKit: 847709bf70b78fd9ab765bd571fb9f5f815c3fc1
  Moya: 5b45dacb75adb009f97fde91c204c1e565d31916
  NVActivityIndicatorView: 1f6c5687f1171810aa27a3296814dc2d7dec3667
  PersistenceKit: 3a9a8e760a686576eed37dbba5da7a11ac2f0603
  SnapKit: e01d52ebb8ddbc333eefe2132acf85c8227d9c25

PODFILE CHECKSUM: b10863454b37918fd655db594274c4d2f5b64c9d

COCOAPODS: 1.13.0
