PODS:
  - Alamofire (5.4.3)
  - Desk360 (1.7.2):
    - DeviceKit
    - Moya (~> 14.0)
    - NVActivityIndicatorView (= 4.8.0)
    - PersistenceKit
    - SnapKit
  - DeviceKit (4.4.0)
  - Moya (14.0.0):
    - Moya/Core (= 14.0.0)
  - Moya/Core (14.0.0):
    - Alamofire (~> 5.0)
  - NVActivityIndicatorView (4.8.0):
    - NVActivityIndicatorView/Presenter (= 4.8.0)
  - NVActivityIndicatorView/Presenter (4.8.0)
  - PersistenceKit (1.3)
  - SnapKit (5.0.1)

DEPENDENCIES:
  - Desk360 (from `..`)

SPEC REPOS:
  https://github.com/CocoaPods/Specs.git:
    - Alamofire
    - DeviceKit
    - Moya
    - NVActivityIndicatorView
    - PersistenceKit
    - SnapKit

EXTERNAL SOURCES:
  Desk360:
    :path: ".."

SPEC CHECKSUMS:
  Alamofire: e447a2774a40c996748296fa2c55112fdbbc42f9
  Desk360: 790b84d1482c3d8e197cd05ee5c7bd9112a2185e
  DeviceKit: 2c5d7485a2fa10b65c0091b2952d30843a6ba06d
  Moya: 5b45dacb75adb009f97fde91c204c1e565d31916
  NVActivityIndicatorView: d24b7ebcf80af5dcd994adb650e2b6c93379270f
  PersistenceKit: 510fe7a29039f2820c5dda21ecc1b9d0d99cbdd5
  SnapKit: 97b92857e3df3a0c71833cce143274bf6ef8e5eb

PODFILE CHECKSUM: b10863454b37918fd655db594274c4d2f5b64c9d

COCOAPODS: 1.10.1
