PODS:
  - Alamofire (5.4.3)
  - DeviceKit (4.4.0)
  - Moya (15.0.0):
    - Moya/Core (= 15.0.0)
  - Moya/Core (15.0.0):
    - Alamofire (~> 5.0)
  - NVActivityIndicatorView (4.8.0):
    - NVActivityIndicatorView/Presenter (= 4.8.0)
  - NVActivityIndicatorView/Presenter (4.8.0)
  - PersistenceKit (1.3)
  - SnapKit (5.0.1)

DEPENDENCIES:
  - DeviceKit
  - Moya
  - NVActivityIndicatorView (= 4.8.0)
  - PersistenceKit
  - SnapKit

SPEC REPOS:
  trunk:
    - Alamofire
    - DeviceKit
    - Moya
    - NVActivityIndicatorView
    - PersistenceKit
    - SnapKit

SPEC CHECKSUMS:
  Alamofire: e447a2774a40c996748296fa2c55112fdbbc42f9
  DeviceKit: 2c5d7485a2fa10b65c0091b2952d30843a6ba06d
  Moya: 138f0573e53411fb3dc17016add0b748dfbd78ee
  NVActivityIndicatorView: d24b7ebcf80af5dcd994adb650e2b6c93379270f
  PersistenceKit: 510fe7a29039f2820c5dda21ecc1b9d0d99cbdd5
  SnapKit: 97b92857e3df3a0c71833cce143274bf6ef8e5eb

PODFILE CHECKSUM: 3e369cca306af84807c38e26335c1717416dcc63

COCOAPODS: 1.10.2
