PODS:
  - Alamofire (5.4.3)
  - DeviceKit (4.4.0)
  - Moya (15.0.0):
    - Moya/Core (= 15.0.0)
  - Moya/Core (15.0.0):
    - Alamofire (~> 5.0)
  - Nimble (9.2.1)
  - NVActivityIndicatorView (4.8.0):
    - NVActivityIndicatorView/Presenter (= 4.8.0)
  - NVActivityIndicatorView/Presenter (4.8.0)
  - PersistenceKit (1.3)
  - Quick (4.0.0)
  - SnapKit (5.0.1)

DEPENDENCIES:
  - DeviceKit
  - Moya
  - Nimble
  - NVActivityIndicatorView (= 4.8.0)
  - PersistenceKit
  - Quick
  - SnapKit

SPEC REPOS:
  trunk:
    - Alamofire
    - DeviceKit
    - Moya
    - Nimble
    - NVActivityIndicatorView
    - PersistenceKit
    - Quick
    - SnapKit

SPEC CHECKSUMS:
  Alamofire: e447a2774a40c996748296fa2c55112fdbbc42f9
  DeviceKit: 2c5d7485a2fa10b65c0091b2952d30843a6ba06d
  Moya: 138f0573e53411fb3dc17016add0b748dfbd78ee
  Nimble: e7e615c0335ee4bf5b0d786685451e62746117d5
  NVActivityIndicatorView: d24b7ebcf80af5dcd994adb650e2b6c93379270f
  PersistenceKit: 510fe7a29039f2820c5dda21ecc1b9d0d99cbdd5
  Quick: 6473349e43b9271a8d43839d9ba1c442ed1b7ac4
  SnapKit: 97b92857e3df3a0c71833cce143274bf6ef8e5eb

PODFILE CHECKSUM: 47d711844e8244d809ae7b9c5c572f2fda3a8f16

COCOAPODS: 1.11.2
