// !$*UTF8*$!
{
	archiveVersion = 1;
	classes = {
	};
	objectVersion = 54;
	objects = {

/* Begin PBXBuildFile section */
		0759EBC522843FE100060A92 /* AppDelegate.swift in Sources */ = {isa = PBXBuildFile; fileRef = 0759EBC422843FE100060A92 /* AppDelegate.swift */; };
		0759EBC722843FE100060A92 /* ViewController.swift in Sources */ = {isa = PBXBuildFile; fileRef = 0759EBC622843FE100060A92 /* ViewController.swift */; };
		0759EBCA22843FE100060A92 /* Main.storyboard in Resources */ = {isa = PBXBuildFile; fileRef = 0759EBC822843FE100060A92 /* Main.storyboard */; };
		0759EBCC22843FE300060A92 /* Assets.xcassets in Resources */ = {isa = PBXBuildFile; fileRef = 0759EBCB22843FE300060A92 /* Assets.xcassets */; };
		0759EBCF22843FE300060A92 /* LaunchScreen.storyboard in Resources */ = {isa = PBXBuildFile; fileRef = 0759EBCD22843FE300060A92 /* LaunchScreen.storyboard */; };
		11524C182420A34200EF6AEC /* UITableView+Extensions.swift in Sources */ = {isa = PBXBuildFile; fileRef = 11524C172420A34200EF6AEC /* UITableView+Extensions.swift */; };
		115DB510241BA04100DD5264 /* Store.swift in Sources */ = {isa = PBXBuildFile; fileRef = 115DB50F241BA04100DD5264 /* Store.swift */; };
		115DB513241BB45200DD5264 /* Layoutable.swift in Sources */ = {isa = PBXBuildFile; fileRef = 115DB512241BB45200DD5264 /* Layoutable.swift */; };
		115DB515241BB46100DD5264 /* Layouting.swift in Sources */ = {isa = PBXBuildFile; fileRef = 115DB514241BB46100DD5264 /* Layouting.swift */; };
		1163A3EA241F62F700E1C053 /* Reusable.swift in Sources */ = {isa = PBXBuildFile; fileRef = 1163A3E9241F62F700E1C053 /* Reusable.swift */; };
		1163A3ED241F638100E1C053 /* DemoTableViewCell.swift in Sources */ = {isa = PBXBuildFile; fileRef = 1163A3EC241F638100E1C053 /* DemoTableViewCell.swift */; };
		1163A3EF241F649F00E1C053 /* DemoView.swift in Sources */ = {isa = PBXBuildFile; fileRef = 1163A3EE241F649F00E1C053 /* DemoView.swift */; };
		1163A3F1241F73A500E1C053 /* DemoViewController.swift in Sources */ = {isa = PBXBuildFile; fileRef = 1163A3F0241F73A500E1C053 /* DemoViewController.swift */; };
		1163A3F3241F911F00E1C053 /* DemoItem.swift in Sources */ = {isa = PBXBuildFile; fileRef = 1163A3F2241F911F00E1C053 /* DemoItem.swift */; };
		116BAB432420E58B00365163 /* Language.swift in Sources */ = {isa = PBXBuildFile; fileRef = 116BAB422420E58B00365163 /* Language.swift */; };
		116BAB462420E6B400365163 /* languages.json in Resources */ = {isa = PBXBuildFile; fileRef = 116BAB452420E6B400365163 /* languages.json */; };
		116BAB482420FBDC00365163 /* LanguageView.swift in Sources */ = {isa = PBXBuildFile; fileRef = 116BAB472420FBDC00365163 /* LanguageView.swift */; };
		116BAB4A2420FFDE00365163 /* LanguageTableViewCell.swift in Sources */ = {isa = PBXBuildFile; fileRef = 116BAB492420FFDE00365163 /* LanguageTableViewCell.swift */; };
		116BAB4C2421020400365163 /* LanguageViewController.swift in Sources */ = {isa = PBXBuildFile; fileRef = 116BAB4B2421020400365163 /* LanguageViewController.swift */; };
		11A618B42420B9EF00B5DC9A /* UIColor+Extension.swift in Sources */ = {isa = PBXBuildFile; fileRef = 11A618B32420B9EF00B5DC9A /* UIColor+Extension.swift */; };
		F09609AC0BE618F441FA728B /* Pods_Example.framework in Frameworks */ = {isa = PBXBuildFile; fileRef = 469FB50D10124FB6ABDE9803 /* Pods_Example.framework */; };
/* End PBXBuildFile section */

/* Begin PBXFileReference section */
		0759EBC122843FE100060A92 /* Example.app */ = {isa = PBXFileReference; explicitFileType = wrapper.application; includeInIndex = 0; path = Example.app; sourceTree = BUILT_PRODUCTS_DIR; };
		0759EBC422843FE100060A92 /* AppDelegate.swift */ = {isa = PBXFileReference; lastKnownFileType = sourcecode.swift; path = AppDelegate.swift; sourceTree = "<group>"; };
		0759EBC622843FE100060A92 /* ViewController.swift */ = {isa = PBXFileReference; lastKnownFileType = sourcecode.swift; path = ViewController.swift; sourceTree = "<group>"; };
		0759EBC922843FE100060A92 /* Base */ = {isa = PBXFileReference; lastKnownFileType = file.storyboard; name = Base; path = Base.lproj/Main.storyboard; sourceTree = "<group>"; };
		0759EBCB22843FE300060A92 /* Assets.xcassets */ = {isa = PBXFileReference; lastKnownFileType = folder.assetcatalog; path = Assets.xcassets; sourceTree = "<group>"; };
		0759EBCE22843FE300060A92 /* Base */ = {isa = PBXFileReference; lastKnownFileType = file.storyboard; name = Base; path = Base.lproj/LaunchScreen.storyboard; sourceTree = "<group>"; };
		0759EBD022843FE300060A92 /* Info.plist */ = {isa = PBXFileReference; lastKnownFileType = text.plist.xml; path = Info.plist; sourceTree = "<group>"; };
		1129B83922B3AEA20018A09D /* tr */ = {isa = PBXFileReference; lastKnownFileType = text.plist.strings; name = tr; path = tr.lproj/Main.strings; sourceTree = "<group>"; };
		1129B83A22B3AEA20018A09D /* tr */ = {isa = PBXFileReference; lastKnownFileType = text.plist.strings; name = tr; path = tr.lproj/LaunchScreen.strings; sourceTree = "<group>"; };
		11524C172420A34200EF6AEC /* UITableView+Extensions.swift */ = {isa = PBXFileReference; lastKnownFileType = sourcecode.swift; path = "UITableView+Extensions.swift"; sourceTree = "<group>"; };
		115DB50F241BA04100DD5264 /* Store.swift */ = {isa = PBXFileReference; lastKnownFileType = sourcecode.swift; path = Store.swift; sourceTree = "<group>"; };
		115DB512241BB45200DD5264 /* Layoutable.swift */ = {isa = PBXFileReference; lastKnownFileType = sourcecode.swift; path = Layoutable.swift; sourceTree = "<group>"; };
		115DB514241BB46100DD5264 /* Layouting.swift */ = {isa = PBXFileReference; lastKnownFileType = sourcecode.swift; path = Layouting.swift; sourceTree = "<group>"; };
		1163A3E9241F62F700E1C053 /* Reusable.swift */ = {isa = PBXFileReference; lastKnownFileType = sourcecode.swift; path = Reusable.swift; sourceTree = "<group>"; };
		1163A3EC241F638100E1C053 /* DemoTableViewCell.swift */ = {isa = PBXFileReference; lastKnownFileType = sourcecode.swift; path = DemoTableViewCell.swift; sourceTree = "<group>"; };
		1163A3EE241F649F00E1C053 /* DemoView.swift */ = {isa = PBXFileReference; lastKnownFileType = sourcecode.swift; path = DemoView.swift; sourceTree = "<group>"; };
		1163A3F0241F73A500E1C053 /* DemoViewController.swift */ = {isa = PBXFileReference; lastKnownFileType = sourcecode.swift; path = DemoViewController.swift; sourceTree = "<group>"; };
		1163A3F2241F911F00E1C053 /* DemoItem.swift */ = {isa = PBXFileReference; lastKnownFileType = sourcecode.swift; path = DemoItem.swift; sourceTree = "<group>"; };
		116BAB422420E58B00365163 /* Language.swift */ = {isa = PBXFileReference; lastKnownFileType = sourcecode.swift; path = Language.swift; sourceTree = "<group>"; };
		116BAB452420E6B400365163 /* languages.json */ = {isa = PBXFileReference; fileEncoding = 4; lastKnownFileType = text.json; path = languages.json; sourceTree = "<group>"; };
		116BAB472420FBDC00365163 /* LanguageView.swift */ = {isa = PBXFileReference; lastKnownFileType = sourcecode.swift; path = LanguageView.swift; sourceTree = "<group>"; };
		116BAB492420FFDE00365163 /* LanguageTableViewCell.swift */ = {isa = PBXFileReference; lastKnownFileType = sourcecode.swift; path = LanguageTableViewCell.swift; sourceTree = "<group>"; };
		116BAB4B2421020400365163 /* LanguageViewController.swift */ = {isa = PBXFileReference; lastKnownFileType = sourcecode.swift; path = LanguageViewController.swift; sourceTree = "<group>"; };
		11A618B32420B9EF00B5DC9A /* UIColor+Extension.swift */ = {isa = PBXFileReference; lastKnownFileType = sourcecode.swift; path = "UIColor+Extension.swift"; sourceTree = "<group>"; };
		4421A2AEB0370671DBD8D15B /* Pods-Example.release.xcconfig */ = {isa = PBXFileReference; includeInIndex = 1; lastKnownFileType = text.xcconfig; name = "Pods-Example.release.xcconfig"; path = "Target Support Files/Pods-Example/Pods-Example.release.xcconfig"; sourceTree = "<group>"; };
		469FB50D10124FB6ABDE9803 /* Pods_Example.framework */ = {isa = PBXFileReference; explicitFileType = wrapper.framework; includeInIndex = 0; path = Pods_Example.framework; sourceTree = BUILT_PRODUCTS_DIR; };
		9F4DAC6971DB355975DEF433 /* Pods-Example.debug.xcconfig */ = {isa = PBXFileReference; includeInIndex = 1; lastKnownFileType = text.xcconfig; name = "Pods-Example.debug.xcconfig"; path = "Target Support Files/Pods-Example/Pods-Example.debug.xcconfig"; sourceTree = "<group>"; };
/* End PBXFileReference section */

/* Begin PBXFrameworksBuildPhase section */
		0759EBBE22843FE100060A92 /* Frameworks */ = {
			isa = PBXFrameworksBuildPhase;
			buildActionMask = 2147483647;
			files = (
				F09609AC0BE618F441FA728B /* Pods_Example.framework in Frameworks */,
			);
			runOnlyForDeploymentPostprocessing = 0;
		};
/* End PBXFrameworksBuildPhase section */

/* Begin PBXGroup section */
		0759EBB822843FE100060A92 = {
			isa = PBXGroup;
			children = (
				0759EBC322843FE100060A92 /* Example */,
				0759EBC222843FE100060A92 /* Products */,
				F3EA3A9EDF06BF315473D60B /* Pods */,
				6D3308937FDA9DE074E303AB /* Frameworks */,
			);
			sourceTree = "<group>";
		};
		0759EBC222843FE100060A92 /* Products */ = {
			isa = PBXGroup;
			children = (
				0759EBC122843FE100060A92 /* Example.app */,
			);
			name = Products;
			sourceTree = "<group>";
		};
		0759EBC322843FE100060A92 /* Example */ = {
			isa = PBXGroup;
			children = (
				116BAB412420E57800365163 /* Language */,
				11A618B22420B9DB00B5DC9A /* Extensions */,
				1163A3EB241F636900E1C053 /* Demo */,
				115DB511241BB43D00DD5264 /* Protocols */,
				0759EBC422843FE100060A92 /* AppDelegate.swift */,
				115DB50F241BA04100DD5264 /* Store.swift */,
				0759EBC622843FE100060A92 /* ViewController.swift */,
				116BAB442420E59B00365163 /* Assets */,
				0759EBC822843FE100060A92 /* Main.storyboard */,
				0759EBD022843FE300060A92 /* Info.plist */,
			);
			path = Example;
			sourceTree = "<group>";
		};
		115DB511241BB43D00DD5264 /* Protocols */ = {
			isa = PBXGroup;
			children = (
				115DB512241BB45200DD5264 /* Layoutable.swift */,
				115DB514241BB46100DD5264 /* Layouting.swift */,
				1163A3E9241F62F700E1C053 /* Reusable.swift */,
			);
			path = Protocols;
			sourceTree = "<group>";
		};
		1163A3EB241F636900E1C053 /* Demo */ = {
			isa = PBXGroup;
			children = (
				1163A3EC241F638100E1C053 /* DemoTableViewCell.swift */,
				1163A3EE241F649F00E1C053 /* DemoView.swift */,
				1163A3F0241F73A500E1C053 /* DemoViewController.swift */,
				1163A3F2241F911F00E1C053 /* DemoItem.swift */,
			);
			path = Demo;
			sourceTree = "<group>";
		};
		116BAB412420E57800365163 /* Language */ = {
			isa = PBXGroup;
			children = (
				116BAB422420E58B00365163 /* Language.swift */,
				116BAB472420FBDC00365163 /* LanguageView.swift */,
				116BAB492420FFDE00365163 /* LanguageTableViewCell.swift */,
				116BAB4B2421020400365163 /* LanguageViewController.swift */,
			);
			path = Language;
			sourceTree = "<group>";
		};
		116BAB442420E59B00365163 /* Assets */ = {
			isa = PBXGroup;
			children = (
				116BAB452420E6B400365163 /* languages.json */,
				0759EBCD22843FE300060A92 /* LaunchScreen.storyboard */,
				0759EBCB22843FE300060A92 /* Assets.xcassets */,
			);
			path = Assets;
			sourceTree = "<group>";
		};
		11A618B22420B9DB00B5DC9A /* Extensions */ = {
			isa = PBXGroup;
			children = (
				11A618B32420B9EF00B5DC9A /* UIColor+Extension.swift */,
				11524C172420A34200EF6AEC /* UITableView+Extensions.swift */,
			);
			path = Extensions;
			sourceTree = "<group>";
		};
		6D3308937FDA9DE074E303AB /* Frameworks */ = {
			isa = PBXGroup;
			children = (
				469FB50D10124FB6ABDE9803 /* Pods_Example.framework */,
			);
			name = Frameworks;
			sourceTree = "<group>";
		};
		F3EA3A9EDF06BF315473D60B /* Pods */ = {
			isa = PBXGroup;
			children = (
				9F4DAC6971DB355975DEF433 /* Pods-Example.debug.xcconfig */,
				4421A2AEB0370671DBD8D15B /* Pods-Example.release.xcconfig */,
			);
			path = Pods;
			sourceTree = "<group>";
		};
/* End PBXGroup section */

/* Begin PBXNativeTarget section */
		0759EBC022843FE100060A92 /* Example */ = {
			isa = PBXNativeTarget;
			buildConfigurationList = 0759EBD322843FE300060A92 /* Build configuration list for PBXNativeTarget "Example" */;
			buildPhases = (
				DCF590A28BB824ADBC7D988B /* [CP] Check Pods Manifest.lock */,
				0759EBBD22843FE100060A92 /* Sources */,
				0759EBBE22843FE100060A92 /* Frameworks */,
				0759EBBF22843FE100060A92 /* Resources */,
				A26B7F27B12372D1878F5FB4 /* [CP] Embed Pods Frameworks */,
			);
			buildRules = (
			);
			dependencies = (
			);
			name = Example;
			productName = Example;
			productReference = 0759EBC122843FE100060A92 /* Example.app */;
			productType = "com.apple.product-type.application";
		};
/* End PBXNativeTarget section */

/* Begin PBXProject section */
		0759EBB922843FE100060A92 /* Project object */ = {
			isa = PBXProject;
			attributes = {
				LastSwiftUpdateCheck = 1020;
				LastUpgradeCheck = 1020;
				ORGANIZATIONNAME = Teknasyon;
				TargetAttributes = {
					0759EBC022843FE100060A92 = {
						CreatedOnToolsVersion = 10.2.1;
					};
				};
			};
			buildConfigurationList = 0759EBBC22843FE100060A92 /* Build configuration list for PBXProject "Example" */;
			compatibilityVersion = "Xcode 9.3";
			developmentRegion = en;
			hasScannedForEncodings = 0;
			knownRegions = (
				en,
				Base,
				tr,
			);
			mainGroup = 0759EBB822843FE100060A92;
			productRefGroup = 0759EBC222843FE100060A92 /* Products */;
			projectDirPath = "";
			projectRoot = "";
			targets = (
				0759EBC022843FE100060A92 /* Example */,
			);
		};
/* End PBXProject section */

/* Begin PBXResourcesBuildPhase section */
		0759EBBF22843FE100060A92 /* Resources */ = {
			isa = PBXResourcesBuildPhase;
			buildActionMask = 2147483647;
			files = (
				0759EBCF22843FE300060A92 /* LaunchScreen.storyboard in Resources */,
				116BAB462420E6B400365163 /* languages.json in Resources */,
				0759EBCC22843FE300060A92 /* Assets.xcassets in Resources */,
				0759EBCA22843FE100060A92 /* Main.storyboard in Resources */,
			);
			runOnlyForDeploymentPostprocessing = 0;
		};
/* End PBXResourcesBuildPhase section */

/* Begin PBXShellScriptBuildPhase section */
		A26B7F27B12372D1878F5FB4 /* [CP] Embed Pods Frameworks */ = {
			isa = PBXShellScriptBuildPhase;
			buildActionMask = 2147483647;
			files = (
			);
			inputFileListPaths = (
				"${PODS_ROOT}/Target Support Files/Pods-Example/Pods-Example-frameworks-${CONFIGURATION}-input-files.xcfilelist",
			);
			name = "[CP] Embed Pods Frameworks";
			outputFileListPaths = (
				"${PODS_ROOT}/Target Support Files/Pods-Example/Pods-Example-frameworks-${CONFIGURATION}-output-files.xcfilelist",
			);
			runOnlyForDeploymentPostprocessing = 0;
			shellPath = /bin/sh;
			shellScript = "\"${PODS_ROOT}/Target Support Files/Pods-Example/Pods-Example-frameworks.sh\"\n";
			showEnvVarsInLog = 0;
		};
		DCF590A28BB824ADBC7D988B /* [CP] Check Pods Manifest.lock */ = {
			isa = PBXShellScriptBuildPhase;
			buildActionMask = 2147483647;
			files = (
			);
			inputFileListPaths = (
			);
			inputPaths = (
				"${PODS_PODFILE_DIR_PATH}/Podfile.lock",
				"${PODS_ROOT}/Manifest.lock",
			);
			name = "[CP] Check Pods Manifest.lock";
			outputFileListPaths = (
			);
			outputPaths = (
				"$(DERIVED_FILE_DIR)/Pods-Example-checkManifestLockResult.txt",
			);
			runOnlyForDeploymentPostprocessing = 0;
			shellPath = /bin/sh;
			shellScript = "diff \"${PODS_PODFILE_DIR_PATH}/Podfile.lock\" \"${PODS_ROOT}/Manifest.lock\" > /dev/null\nif [ $? != 0 ] ; then\n    # print error to STDERR\n    echo \"error: The sandbox is not in sync with the Podfile.lock. Run 'pod install' or update your CocoaPods installation.\" >&2\n    exit 1\nfi\n# This output is used by Xcode 'outputs' to avoid re-running this script phase.\necho \"SUCCESS\" > \"${SCRIPT_OUTPUT_FILE_0}\"\n";
			showEnvVarsInLog = 0;
		};
/* End PBXShellScriptBuildPhase section */

/* Begin PBXSourcesBuildPhase section */
		0759EBBD22843FE100060A92 /* Sources */ = {
			isa = PBXSourcesBuildPhase;
			buildActionMask = 2147483647;
			files = (
				116BAB4A2420FFDE00365163 /* LanguageTableViewCell.swift in Sources */,
				1163A3EA241F62F700E1C053 /* Reusable.swift in Sources */,
				1163A3F3241F911F00E1C053 /* DemoItem.swift in Sources */,
				115DB510241BA04100DD5264 /* Store.swift in Sources */,
				11A618B42420B9EF00B5DC9A /* UIColor+Extension.swift in Sources */,
				115DB513241BB45200DD5264 /* Layoutable.swift in Sources */,
				1163A3F1241F73A500E1C053 /* DemoViewController.swift in Sources */,
				0759EBC722843FE100060A92 /* ViewController.swift in Sources */,
				1163A3EF241F649F00E1C053 /* DemoView.swift in Sources */,
				116BAB432420E58B00365163 /* Language.swift in Sources */,
				116BAB4C2421020400365163 /* LanguageViewController.swift in Sources */,
				11524C182420A34200EF6AEC /* UITableView+Extensions.swift in Sources */,
				115DB515241BB46100DD5264 /* Layouting.swift in Sources */,
				0759EBC522843FE100060A92 /* AppDelegate.swift in Sources */,
				116BAB482420FBDC00365163 /* LanguageView.swift in Sources */,
				1163A3ED241F638100E1C053 /* DemoTableViewCell.swift in Sources */,
			);
			runOnlyForDeploymentPostprocessing = 0;
		};
/* End PBXSourcesBuildPhase section */

/* Begin PBXVariantGroup section */
		0759EBC822843FE100060A92 /* Main.storyboard */ = {
			isa = PBXVariantGroup;
			children = (
				0759EBC922843FE100060A92 /* Base */,
				1129B83922B3AEA20018A09D /* tr */,
			);
			name = Main.storyboard;
			sourceTree = "<group>";
		};
		0759EBCD22843FE300060A92 /* LaunchScreen.storyboard */ = {
			isa = PBXVariantGroup;
			children = (
				0759EBCE22843FE300060A92 /* Base */,
				1129B83A22B3AEA20018A09D /* tr */,
			);
			name = LaunchScreen.storyboard;
			sourceTree = "<group>";
		};
/* End PBXVariantGroup section */

/* Begin XCBuildConfiguration section */
		0759EBD122843FE300060A92 /* Debug */ = {
			isa = XCBuildConfiguration;
			buildSettings = {
				ALWAYS_SEARCH_USER_PATHS = NO;
				CLANG_ANALYZER_LOCALIZABILITY_NONLOCALIZED = YES;
				CLANG_ANALYZER_NONNULL = YES;
				CLANG_ANALYZER_NUMBER_OBJECT_CONVERSION = YES_AGGRESSIVE;
				CLANG_CXX_LANGUAGE_STANDARD = "gnu++14";
				CLANG_CXX_LIBRARY = "libc++";
				CLANG_ENABLE_MODULES = YES;
				CLANG_ENABLE_OBJC_ARC = YES;
				CLANG_ENABLE_OBJC_WEAK = YES;
				CLANG_WARN_BLOCK_CAPTURE_AUTORELEASING = YES;
				CLANG_WARN_BOOL_CONVERSION = YES;
				CLANG_WARN_COMMA = YES;
				CLANG_WARN_CONSTANT_CONVERSION = YES;
				CLANG_WARN_DEPRECATED_OBJC_IMPLEMENTATIONS = YES;
				CLANG_WARN_DIRECT_OBJC_ISA_USAGE = YES_ERROR;
				CLANG_WARN_DOCUMENTATION_COMMENTS = YES;
				CLANG_WARN_EMPTY_BODY = YES;
				CLANG_WARN_ENUM_CONVERSION = YES;
				CLANG_WARN_INFINITE_RECURSION = YES;
				CLANG_WARN_INT_CONVERSION = YES;
				CLANG_WARN_NON_LITERAL_NULL_CONVERSION = YES;
				CLANG_WARN_OBJC_IMPLICIT_RETAIN_SELF = YES;
				CLANG_WARN_OBJC_LITERAL_CONVERSION = YES;
				CLANG_WARN_OBJC_ROOT_CLASS = YES_ERROR;
				CLANG_WARN_RANGE_LOOP_ANALYSIS = YES;
				CLANG_WARN_STRICT_PROTOTYPES = YES;
				CLANG_WARN_SUSPICIOUS_MOVE = YES;
				CLANG_WARN_UNGUARDED_AVAILABILITY = YES_AGGRESSIVE;
				CLANG_WARN_UNREACHABLE_CODE = YES;
				CLANG_WARN__DUPLICATE_METHOD_MATCH = YES;
				CODE_SIGN_IDENTITY = "iPhone Developer";
				COPY_PHASE_STRIP = NO;
				DEBUG_INFORMATION_FORMAT = dwarf;
				ENABLE_STRICT_OBJC_MSGSEND = YES;
				ENABLE_TESTABILITY = YES;
				GCC_C_LANGUAGE_STANDARD = gnu11;
				GCC_DYNAMIC_NO_PIC = NO;
				GCC_NO_COMMON_BLOCKS = YES;
				GCC_OPTIMIZATION_LEVEL = 0;
				GCC_PREPROCESSOR_DEFINITIONS = (
					"DEBUG=1",
					"$(inherited)",
				);
				GCC_WARN_64_TO_32_BIT_CONVERSION = YES;
				GCC_WARN_ABOUT_RETURN_TYPE = YES_ERROR;
				GCC_WARN_UNDECLARED_SELECTOR = YES;
				GCC_WARN_UNINITIALIZED_AUTOS = YES_AGGRESSIVE;
				GCC_WARN_UNUSED_FUNCTION = YES;
				GCC_WARN_UNUSED_VARIABLE = YES;
				IPHONEOS_DEPLOYMENT_TARGET = 10.0;
				MTL_ENABLE_DEBUG_INFO = INCLUDE_SOURCE;
				MTL_FAST_MATH = YES;
				ONLY_ACTIVE_ARCH = YES;
				SDKROOT = iphoneos;
				SWIFT_ACTIVE_COMPILATION_CONDITIONS = DEBUG;
				SWIFT_OPTIMIZATION_LEVEL = "-Onone";
			};
			name = Debug;
		};
		0759EBD222843FE300060A92 /* Release */ = {
			isa = XCBuildConfiguration;
			buildSettings = {
				ALWAYS_SEARCH_USER_PATHS = NO;
				CLANG_ANALYZER_LOCALIZABILITY_NONLOCALIZED = YES;
				CLANG_ANALYZER_NONNULL = YES;
				CLANG_ANALYZER_NUMBER_OBJECT_CONVERSION = YES_AGGRESSIVE;
				CLANG_CXX_LANGUAGE_STANDARD = "gnu++14";
				CLANG_CXX_LIBRARY = "libc++";
				CLANG_ENABLE_MODULES = YES;
				CLANG_ENABLE_OBJC_ARC = YES;
				CLANG_ENABLE_OBJC_WEAK = YES;
				CLANG_WARN_BLOCK_CAPTURE_AUTORELEASING = YES;
				CLANG_WARN_BOOL_CONVERSION = YES;
				CLANG_WARN_COMMA = YES;
				CLANG_WARN_CONSTANT_CONVERSION = YES;
				CLANG_WARN_DEPRECATED_OBJC_IMPLEMENTATIONS = YES;
				CLANG_WARN_DIRECT_OBJC_ISA_USAGE = YES_ERROR;
				CLANG_WARN_DOCUMENTATION_COMMENTS = YES;
				CLANG_WARN_EMPTY_BODY = YES;
				CLANG_WARN_ENUM_CONVERSION = YES;
				CLANG_WARN_INFINITE_RECURSION = YES;
				CLANG_WARN_INT_CONVERSION = YES;
				CLANG_WARN_NON_LITERAL_NULL_CONVERSION = YES;
				CLANG_WARN_OBJC_IMPLICIT_RETAIN_SELF = YES;
				CLANG_WARN_OBJC_LITERAL_CONVERSION = YES;
				CLANG_WARN_OBJC_ROOT_CLASS = YES_ERROR;
				CLANG_WARN_RANGE_LOOP_ANALYSIS = YES;
				CLANG_WARN_STRICT_PROTOTYPES = YES;
				CLANG_WARN_SUSPICIOUS_MOVE = YES;
				CLANG_WARN_UNGUARDED_AVAILABILITY = YES_AGGRESSIVE;
				CLANG_WARN_UNREACHABLE_CODE = YES;
				CLANG_WARN__DUPLICATE_METHOD_MATCH = YES;
				CODE_SIGN_IDENTITY = "iPhone Developer";
				COPY_PHASE_STRIP = NO;
				DEBUG_INFORMATION_FORMAT = "dwarf-with-dsym";
				ENABLE_NS_ASSERTIONS = NO;
				ENABLE_STRICT_OBJC_MSGSEND = YES;
				GCC_C_LANGUAGE_STANDARD = gnu11;
				GCC_NO_COMMON_BLOCKS = YES;
				GCC_WARN_64_TO_32_BIT_CONVERSION = YES;
				GCC_WARN_ABOUT_RETURN_TYPE = YES_ERROR;
				GCC_WARN_UNDECLARED_SELECTOR = YES;
				GCC_WARN_UNINITIALIZED_AUTOS = YES_AGGRESSIVE;
				GCC_WARN_UNUSED_FUNCTION = YES;
				GCC_WARN_UNUSED_VARIABLE = YES;
				IPHONEOS_DEPLOYMENT_TARGET = 10.0;
				MTL_ENABLE_DEBUG_INFO = NO;
				MTL_FAST_MATH = YES;
				SDKROOT = iphoneos;
				SWIFT_COMPILATION_MODE = wholemodule;
				SWIFT_OPTIMIZATION_LEVEL = "-O";
				VALIDATE_PRODUCT = YES;
			};
			name = Release;
		};
		0759EBD422843FE300060A92 /* Debug */ = {
			isa = XCBuildConfiguration;
			baseConfigurationReference = 9F4DAC6971DB355975DEF433 /* Pods-Example.debug.xcconfig */;
			buildSettings = {
				ASSETCATALOG_COMPILER_APPICON_NAME = AppIcon;
				CODE_SIGN_IDENTITY = "Apple Development";
				CODE_SIGN_STYLE = Manual;
				DEVELOPMENT_TEAM = "";
				INFOPLIST_FILE = Example/Info.plist;
				IPHONEOS_DEPLOYMENT_TARGET = 13.0;
				LD_RUNPATH_SEARCH_PATHS = (
					"$(inherited)",
					"@executable_path/Frameworks",
				);
				PRODUCT_BUNDLE_IDENTIFIER = com.fundev.desk360Demo;
				PRODUCT_NAME = "$(TARGET_NAME)";
				PROVISIONING_PROFILE_SPECIFIER = "";
				SWIFT_VERSION = 5.0;
				TARGETED_DEVICE_FAMILY = "1,2";
			};
			name = Debug;
		};
		0759EBD522843FE300060A92 /* Release */ = {
			isa = XCBuildConfiguration;
			baseConfigurationReference = 4421A2AEB0370671DBD8D15B /* Pods-Example.release.xcconfig */;
			buildSettings = {
				ASSETCATALOG_COMPILER_APPICON_NAME = AppIcon;
				CODE_SIGN_STYLE = Manual;
				DEVELOPMENT_TEAM = "";
				INFOPLIST_FILE = Example/Info.plist;
				IPHONEOS_DEPLOYMENT_TARGET = 13.0;
				LD_RUNPATH_SEARCH_PATHS = (
					"$(inherited)",
					"@executable_path/Frameworks",
				);
				PRODUCT_BUNDLE_IDENTIFIER = com.desk360.example;
				PRODUCT_NAME = "$(TARGET_NAME)";
				PROVISIONING_PROFILE_SPECIFIER = "";
				SWIFT_VERSION = 5.0;
				TARGETED_DEVICE_FAMILY = "1,2";
			};
			name = Release;
		};
/* End XCBuildConfiguration section */

/* Begin XCConfigurationList section */
		0759EBBC22843FE100060A92 /* Build configuration list for PBXProject "Example" */ = {
			isa = XCConfigurationList;
			buildConfigurations = (
				0759EBD122843FE300060A92 /* Debug */,
				0759EBD222843FE300060A92 /* Release */,
			);
			defaultConfigurationIsVisible = 0;
			defaultConfigurationName = Release;
		};
		0759EBD322843FE300060A92 /* Build configuration list for PBXNativeTarget "Example" */ = {
			isa = XCConfigurationList;
			buildConfigurations = (
				0759EBD422843FE300060A92 /* Debug */,
				0759EBD522843FE300060A92 /* Release */,
			);
			defaultConfigurationIsVisible = 0;
			defaultConfigurationName = Release;
		};
/* End XCConfigurationList section */
	};
	rootObject = 0759EBB922843FE100060A92 /* Project object */;
}
